PODS:
  - Alamofire (4.7.3)
  - Kingfisher (4.8.1)
  - SwiftHash (2.0.2)

DEPENDENCIES:
  - Alamofire
  - Kingfisher
  - SwiftHash

SPEC REPOS:
  https://github.com/cocoapods/specs.git:
    - Alamofire
    - Kingfisher
    - SwiftHash

SPEC CHECKSUMS:
  Alamofire: c7287b6e5d7da964a70935e5db17046b7fde6568
  Kingfisher: 868c1149679a7ab6869be118faa9b5aed154aaf0
  SwiftHash: 6d312abe61c8359bdef8d0093642f3a70b1c17ba

PODFILE CHECKSUM: a85011d62621bab7f3b0fef447afb97d43553b57

COCOAPODS: 1.5.3
